
Microsoft Visual Studio Solution File, Format Version 12.00
# Visual Studio 15
VisualStudioVersion = 15.0.28010.2046
MinimumVisualStudioVersion = 10.0.40219.1
Project("{FAE04EC0-301F-11D3-BF4B-00C04F79EFBC}") = "Intranet.Solidcon.Data", "Intranet.Data\Intranet.Solidcon.Data.csproj", "{4C4E1D0D-5082-42CC-825D-5BD676E8AC9A}"
	ProjectSection(ProjectDependencies) = postProject
		{56386C9C-1648-4ACA-A329-BFDC60DEBE2E} = {56386C9C-1648-4ACA-A329-BFDC60DEBE2E}
	EndProjectSection
EndProject
Project("{FAE04EC0-301F-11D3-BF4B-00C04F79EFBC}") = "Intranet.Domain", "Intranet.Domain\Intranet.Domain.csproj", "{56386C9C-1648-4ACA-A329-BFDC60DEBE2E}"
EndProject
Project("{FAE04EC0-301F-11D3-BF4B-00C04F79EFBC}") = "Intranet", "Intranet\Intranet.csproj", "{880BD8F5-16F6-4EE6-A732-1FF916311470}"
EndProject
Project("{FAE04EC0-301F-11D3-BF4B-00C04F79EFBC}") = "Intranet.Service", "Intranet.Service\Intranet.Service.csproj", "{547AF97C-E959-494D-8376-03134FDF9326}"
	ProjectSection(ProjectDependencies) = postProject
		{4C4E1D0D-5082-42CC-825D-5BD676E8AC9A} = {4C4E1D0D-5082-42CC-825D-5BD676E8AC9A}
	EndProjectSection
EndProject
Project("{FAE04EC0-301F-11D3-BF4B-00C04F79EFBC}") = "Intranet.Alvorada.Data", "Intranet.Alvorada.Data\Intranet.Alvorada.Data.csproj", "{1D54E51A-F774-41C3-ACBD-B5FC520C5B0A}"
EndProject
Project("{FAE04EC0-301F-11D3-BF4B-00C04F79EFBC}") = "Intranet.API", "Intranet.API\Intranet.API.csproj", "{322C0CBE-BFE8-4123-8314-30AF07FC07BB}"
EndProject
Global
	GlobalSection(SolutionConfigurationPlatforms) = preSolution
		Debug|Any CPU = Debug|Any CPU
		Release|Any CPU = Release|Any CPU
	EndGlobalSection
	GlobalSection(ProjectConfigurationPlatforms) = postSolution
		{4C4E1D0D-5082-42CC-825D-5BD676E8AC9A}.Debug|Any CPU.ActiveCfg = Debug|Any CPU
		{4C4E1D0D-5082-42CC-825D-5BD676E8AC9A}.Debug|Any CPU.Build.0 = Debug|Any CPU
		{4C4E1D0D-5082-42CC-825D-5BD676E8AC9A}.Release|Any CPU.ActiveCfg = Release|Any CPU
		{4C4E1D0D-5082-42CC-825D-5BD676E8AC9A}.Release|Any CPU.Build.0 = Release|Any CPU
		{56386C9C-1648-4ACA-A329-BFDC60DEBE2E}.Debug|Any CPU.ActiveCfg = Debug|Any CPU
		{56386C9C-1648-4ACA-A329-BFDC60DEBE2E}.Debug|Any CPU.Build.0 = Debug|Any CPU
		{56386C9C-1648-4ACA-A329-BFDC60DEBE2E}.Release|Any CPU.ActiveCfg = Release|Any CPU
		{56386C9C-1648-4ACA-A329-BFDC60DEBE2E}.Release|Any CPU.Build.0 = Release|Any CPU
		{880BD8F5-16F6-4EE6-A732-1FF916311470}.Debug|Any CPU.ActiveCfg = Debug|Any CPU
		{880BD8F5-16F6-4EE6-A732-1FF916311470}.Debug|Any CPU.Build.0 = Debug|Any CPU
		{880BD8F5-16F6-4EE6-A732-1FF916311470}.Release|Any CPU.ActiveCfg = Release|Any CPU
		{880BD8F5-16F6-4EE6-A732-1FF916311470}.Release|Any CPU.Build.0 = Release|Any CPU
		{547AF97C-E959-494D-8376-03134FDF9326}.Debug|Any CPU.ActiveCfg = Debug|Any CPU
		{547AF97C-E959-494D-8376-03134FDF9326}.Debug|Any CPU.Build.0 = Debug|Any CPU
		{547AF97C-E959-494D-8376-03134FDF9326}.Release|Any CPU.ActiveCfg = Release|Any CPU
		{547AF97C-E959-494D-8376-03134FDF9326}.Release|Any CPU.Build.0 = Release|Any CPU
		{1D54E51A-F774-41C3-ACBD-B5FC520C5B0A}.Debug|Any CPU.ActiveCfg = Debug|Any CPU
		{1D54E51A-F774-41C3-ACBD-B5FC520C5B0A}.Debug|Any CPU.Build.0 = Debug|Any CPU
		{1D54E51A-F774-41C3-ACBD-B5FC520C5B0A}.Release|Any CPU.ActiveCfg = Release|Any CPU
		{1D54E51A-F774-41C3-ACBD-B5FC520C5B0A}.Release|Any CPU.Build.0 = Release|Any CPU
		{322C0CBE-BFE8-4123-8314-30AF07FC07BB}.Debug|Any CPU.ActiveCfg = Debug|Any CPU
		{322C0CBE-BFE8-4123-8314-30AF07FC07BB}.Debug|Any CPU.Build.0 = Debug|Any CPU
		{322C0CBE-BFE8-4123-8314-30AF07FC07BB}.Release|Any CPU.ActiveCfg = Release|Any CPU
		{322C0CBE-BFE8-4123-8314-30AF07FC07BB}.Release|Any CPU.Build.0 = Release|Any CPU
	EndGlobalSection
	GlobalSection(SolutionProperties) = preSolution
		HideSolutionNode = FALSE
	EndGlobalSection
	GlobalSection(ExtensibilityGlobals) = postSolution
		SolutionGuid = {F86F371D-B25C-42E2-B45E-2BC915078022}
	EndGlobalSection
EndGlobal
